
Microsoft Visual Studio Solution File, Format Version 12.00
# Visual Studio Version 17
VisualStudioVersion = 17.14.36121.58
MinimumVisualStudioVersion = 10.0.40219.1
Project("{FAE04EC0-301F-11D3-BF4B-00C04F79EFBC}") = "EscaperView", "EscaperView\EscaperView.csproj", "{23657213-F960-4308-84B9-A242EA76D466}"
EndProject
Project("{FAE04EC0-301F-11D3-BF4B-00C04F79EFBC}") = "Escaper", "Escaper\Escaper.csproj", "{7591982C-329D-49BC-4076-25E89DB6BB44}"
EndProject
Project("{FAE04EC0-301F-11D3-BF4B-00C04F79EFBC}") = "EscaperTest", "EscaperTest\EscaperTest.csproj", "{BC1917F7-02D9-8563-1B11-B5606E8593DC}"
EndProject
Global
	GlobalSection(SolutionConfigurationPlatforms) = preSolution
		Debug|Any CPU = Debug|Any CPU
		Release|Any CPU = Release|Any CPU
	EndGlobalSection
	GlobalSection(ProjectConfigurationPlatforms) = postSolution
		{23657213-F960-4308-84B9-A242EA76D466}.Debug|Any CPU.ActiveCfg = Debug|Any CPU
		{23657213-F960-4308-84B9-A242EA76D466}.Debug|Any CPU.Build.0 = Debug|Any CPU
		{23657213-F960-4308-84B9-A242EA76D466}.Release|Any CPU.ActiveCfg = Release|Any CPU
		{23657213-F960-4308-84B9-A242EA76D466}.Release|Any CPU.Build.0 = Release|Any CPU
		{7591982C-329D-49BC-4076-25E89DB6BB44}.Debug|Any CPU.ActiveCfg = Debug|Any CPU
		{7591982C-329D-49BC-4076-25E89DB6BB44}.Debug|Any CPU.Build.0 = Debug|Any CPU
		{7591982C-329D-49BC-4076-25E89DB6BB44}.Release|Any CPU.ActiveCfg = Release|Any CPU
		{7591982C-329D-49BC-4076-25E89DB6BB44}.Release|Any CPU.Build.0 = Release|Any CPU
		{BC1917F7-02D9-8563-1B11-B5606E8593DC}.Debug|Any CPU.ActiveCfg = Debug|Any CPU
		{BC1917F7-02D9-8563-1B11-B5606E8593DC}.Debug|Any CPU.Build.0 = Debug|Any CPU
		{BC1917F7-02D9-8563-1B11-B5606E8593DC}.Release|Any CPU.ActiveCfg = Release|Any CPU
		{BC1917F7-02D9-8563-1B11-B5606E8593DC}.Release|Any CPU.Build.0 = Release|Any CPU
	EndGlobalSection
	GlobalSection(SolutionProperties) = preSolution
		HideSolutionNode = FALSE
	EndGlobalSection
	GlobalSection(ExtensibilityGlobals) = postSolution
		SolutionGuid = {65A55A34-F44A-4CD8-9D01-B30AD59A1CE6}
	EndGlobalSection
EndGlobal
