
Microsoft Visual Studio Solution File, Format Version 12.00
# Visual Studio Version 17
VisualStudioVersion = 17.14.36121.58
MinimumVisualStudioVersion = 10.0.40219.1
Project("{FAE04EC0-301F-11D3-BF4B-00C04F79EFBC}") = "EscaperWPF", "EscaperWPF.csproj", "{6E124C66-B12E-436E-8916-FA8B3C59DCAA}"
EndProject
Project("{FAE04EC0-301F-11D3-BF4B-00C04F79EFBC}") = "Escaper", "..\Escaper\Escaper.csproj", "{8F21D500-6F61-0461-69FC-803AD57EC632}"
EndProject
Project("{FAE04EC0-301F-11D3-BF4B-00C04F79EFBC}") = "EscaperTest", "..\EscaperTest\EscaperTest.csproj", "{30EB3AA7-53FC-7684-9A3F-33FDBAB99CA6}"
EndProject
Global
	GlobalSection(SolutionConfigurationPlatforms) = preSolution
		Debug|Any CPU = Debug|Any CPU
		Release|Any CPU = Release|Any CPU
	EndGlobalSection
	GlobalSection(ProjectConfigurationPlatforms) = postSolution
		{6E124C66-B12E-436E-8916-FA8B3C59DCAA}.Debug|Any CPU.ActiveCfg = Debug|Any CPU
		{6E124C66-B12E-436E-8916-FA8B3C59DCAA}.Debug|Any CPU.Build.0 = Debug|Any CPU
		{6E124C66-B12E-436E-8916-FA8B3C59DCAA}.Release|Any CPU.ActiveCfg = Release|Any CPU
		{6E124C66-B12E-436E-8916-FA8B3C59DCAA}.Release|Any CPU.Build.0 = Release|Any CPU
		{8F21D500-6F61-0461-69FC-803AD57EC632}.Debug|Any CPU.ActiveCfg = Debug|Any CPU
		{8F21D500-6F61-0461-69FC-803AD57EC632}.Debug|Any CPU.Build.0 = Debug|Any CPU
		{8F21D500-6F61-0461-69FC-803AD57EC632}.Release|Any CPU.ActiveCfg = Release|Any CPU
		{8F21D500-6F61-0461-69FC-803AD57EC632}.Release|Any CPU.Build.0 = Release|Any CPU
		{30EB3AA7-53FC-7684-9A3F-33FDBAB99CA6}.Debug|Any CPU.ActiveCfg = Debug|Any CPU
		{30EB3AA7-53FC-7684-9A3F-33FDBAB99CA6}.Debug|Any CPU.Build.0 = Debug|Any CPU
		{30EB3AA7-53FC-7684-9A3F-33FDBAB99CA6}.Release|Any CPU.ActiveCfg = Release|Any CPU
		{30EB3AA7-53FC-7684-9A3F-33FDBAB99CA6}.Release|Any CPU.Build.0 = Release|Any CPU
	EndGlobalSection
	GlobalSection(SolutionProperties) = preSolution
		HideSolutionNode = FALSE
	EndGlobalSection
	GlobalSection(ExtensibilityGlobals) = postSolution
		SolutionGuid = {21238600-AF28-4F08-89AD-27002EECB473}
	EndGlobalSection
EndGlobal
